// !$*UTF8*$!
{
	archiveVersion = 1;
	classes = {
	};
	objectVersion = 50;
	objects = {

/* Begin PBXBuildFile section */
		966E384924FFC7DA003EBD87 /* AppDelegate.swift in Sources */ = {isa = PBXBuildFile; fileRef = 966E384824FFC7DA003EBD87 /* AppDelegate.swift */; };
		966E384B24FFC7DA003EBD87 /* SceneDelegate.swift in Sources */ = {isa = PBXBuildFile; fileRef = 966E384A24FFC7DA003EBD87 /* SceneDelegate.swift */; };
		966E384D24FFC7DA003EBD87 /* ContentView.swift in Sources */ = {isa = PBXBuildFile; fileRef = 966E384C24FFC7DA003EBD87 /* ContentView.swift */; };
		966E384F24FFC7DC003EBD87 /* Assets.xcassets in Resources */ = {isa = PBXBuildFile; fileRef = 966E384E24FFC7DC003EBD87 /* Assets.xcassets */; };
		966E385224FFC7DC003EBD87 /* Preview Assets.xcassets in Resources */ = {isa = PBXBuildFile; fileRef = 966E385124FFC7DC003EBD87 /* Preview Assets.xcassets */; };
		966E385524FFC7DC003EBD87 /* LaunchScreen.storyboard in Resources */ = {isa = PBXBuildFile; fileRef = 966E385324FFC7DC003EBD87 /* LaunchScreen.storyboard */; };
/* End PBXBuildFile section */

/* Begin PBXFileReference section */
		966E384524FFC7DA003EBD87 /* CustomList.app */ = {isa = PBXFileReference; explicitFileType = wrapper.application; includeInIndex = 0; path = CustomList.app; sourceTree = BUILT_PRODUCTS_DIR; };
		966E384824FFC7DA003EBD87 /* AppDelegate.swift */ = {isa = PBXFileReference; lastKnownFileType = sourcecode.swift; path = AppDelegate.swift; sourceTree = "<group>"; };
		966E384A24FFC7DA003EBD87 /* SceneDelegate.swift */ = {isa = PBXFileReference; lastKnownFileType = sourcecode.swift; path = SceneDelegate.swift; sourceTree = "<group>"; };
		966E384C24FFC7DA003EBD87 /* ContentView.swift */ = {isa = PBXFileReference; lastKnownFileType = sourcecode.swift; path = ContentView.swift; sourceTree = "<group>"; };
		966E384E24FFC7DC003EBD87 /* Assets.xcassets */ = {isa = PBXFileReference; lastKnownFileType = folder.assetcatalog; path = Assets.xcassets; sourceTree = "<group>"; };
		966E385124FFC7DC003EBD87 /* Preview Assets.xcassets */ = {isa = PBXFileReference; lastKnownFileType = folder.assetcatalog; path = "Preview Assets.xcassets"; sourceTree = "<group>"; };
		966E385424FFC7DC003EBD87 /* Base */ = {isa = PBXFileReference; lastKnownFileType = file.storyboard; name = Base; path = Base.lproj/LaunchScreen.storyboard; sourceTree = "<group>"; };
		966E385624FFC7DC003EBD87 /* Info.plist */ = {isa = PBXFileReference; lastKnownFileType = text.plist.xml; path = Info.plist; sourceTree = "<group>"; };
/* End PBXFileReference section */

/* Begin PBXFrameworksBuildPhase section */
		966E384224FFC7DA003EBD87 /* Frameworks */ = {
			isa = PBXFrameworksBuildPhase;
			buildActionMask = 2147483647;
			files = (
			);
			runOnlyForDeploymentPostprocessing = 0;
		};
/* End PBXFrameworksBuildPhase section */

/* Begin PBXGroup section */
		966E383C24FFC7DA003EBD87 = {
			isa = PBXGroup;
			children = (
				966E384724FFC7DA003EBD87 /* CustomList */,
				966E384624FFC7DA003EBD87 /* Products */,
			);
			sourceTree = "<group>";
		};
		966E384624FFC7DA003EBD87 /* Products */ = {
			isa = PBXGroup;
			children = (
				966E384524FFC7DA003EBD87 /* CustomList.app */,
			);
			name = Products;
			sourceTree = "<group>";
		};
		966E384724FFC7DA003EBD87 /* CustomList */ = {
			isa = PBXGroup;
			children = (
				966E384824FFC7DA003EBD87 /* AppDelegate.swift */,
				966E384A24FFC7DA003EBD87 /* SceneDelegate.swift */,
				966E384C24FFC7DA003EBD87 /* ContentView.swift */,
				966E384E24FFC7DC003EBD87 /* Assets.xcassets */,
				966E385324FFC7DC003EBD87 /* LaunchScreen.storyboard */,
				966E385624FFC7DC003EBD87 /* Info.plist */,
				966E385024FFC7DC003EBD87 /* Preview Content */,
			);
			path = CustomList;
			sourceTree = "<group>";
		};
		966E385024FFC7DC003EBD87 /* Preview Content */ = {
			isa = PBXGroup;
			children = (
				966E385124FFC7DC003EBD87 /* Preview Assets.xcassets */,
			);
			path = "Preview Content";
			sourceTree = "<group>";
		};
/* End PBXGroup section */

/* Begin PBXNativeTarget section */
		966E384424FFC7DA003EBD87 /* CustomList */ = {
			isa = PBXNativeTarget;
			buildConfigurationList = 966E385924FFC7DC003EBD87 /* Build configuration list for PBXNativeTarget "CustomList" */;
			buildPhases = (
				966E384124FFC7DA003EBD87 /* Sources */,
				966E384224FFC7DA003EBD87 /* Frameworks */,
				966E384324FFC7DA003EBD87 /* Resources */,
			);
			buildRules = (
			);
			dependencies = (
			);
			name = CustomList;
			productName = CustomList;
			productReference = 966E384524FFC7DA003EBD87 /* CustomList.app */;
			productType = "com.apple.product-type.application";
		};
/* End PBXNativeTarget section */

/* Begin PBXProject section */
		966E383D24FFC7DA003EBD87 /* Project object */ = {
			isa = PBXProject;
			attributes = {
				LastSwiftUpdateCheck = 1140;
				LastUpgradeCheck = 1140;
				ORGANIZATIONNAME = YoujinMac;
				TargetAttributes = {
					966E384424FFC7DA003EBD87 = {
						CreatedOnToolsVersion = 11.4.1;
					};
				};
			};
			buildConfigurationList = 966E384024FFC7DA003EBD87 /* Build configuration list for PBXProject "CustomList" */;
			compatibilityVersion = "Xcode 9.3";
			developmentRegion = en;
			hasScannedForEncodings = 0;
			knownRegions = (
				en,
				Base,
			);
			mainGroup = 966E383C24FFC7DA003EBD87;
			productRefGroup = 966E384624FFC7DA003EBD87 /* Products */;
			projectDirPath = "";
			projectRoot = "";
			targets = (
				966E384424FFC7DA003EBD87 /* CustomList */,
			);
		};
/* End PBXProject section */

/* Begin PBXResourcesBuildPhase section */
		966E384324FFC7DA003EBD87 /* Resources */ = {
			isa = PBXResourcesBuildPhase;
			buildActionMask = 2147483647;
			files = (
				966E385524FFC7DC003EBD87 /* LaunchScreen.storyboard in Resources */,
				966E385224FFC7DC003EBD87 /* Preview Assets.xcassets in Resources */,
				966E384F24FFC7DC003EBD87 /* Assets.xcassets in Resources */,
			);
			runOnlyForDeploymentPostprocessing = 0;
		};
/* End PBXResourcesBuildPhase section */

/* Begin PBXSourcesBuildPhase section */
		966E384124FFC7DA003EBD87 /* Sources */ = {
			isa = PBXSourcesBuildPhase;
			buildActionMask = 2147483647;
			files = (
				966E384924FFC7DA003EBD87 /* AppDelegate.swift in Sources */,
				966E384B24FFC7DA003EBD87 /* SceneDelegate.swift in Sources */,
				966E384D24FFC7DA003EBD87 /* ContentView.swift in Sources */,
			);
			runOnlyForDeploymentPostprocessing = 0;
		};
/* End PBXSourcesBuildPhase section */

/* Begin PBXVariantGroup section */
		966E385324FFC7DC003EBD87 /* LaunchScreen.storyboard */ = {
			isa = PBXVariantGroup;
			children = (
				966E385424FFC7DC003EBD87 /* Base */,
			);
			name = LaunchScreen.storyboard;
			sourceTree = "<group>";
		};
/* End PBXVariantGroup section */

/* Begin XCBuildConfiguration section */
		966E385724FFC7DC003EBD87 /* Debug */ = {
			isa = XCBuildConfiguration;
			buildSettings = {
				ALWAYS_SEARCH_USER_PATHS = NO;
				CLANG_ANALYZER_NONNULL = YES;
				CLANG_ANALYZER_NUMBER_OBJECT_CONVERSION = YES_AGGRESSIVE;
				CLANG_CXX_LANGUAGE_STANDARD = "gnu++14";
				CLANG_CXX_LIBRARY = "libc++";
				CLANG_ENABLE_MODULES = YES;
				CLANG_ENABLE_OBJC_ARC = YES;
				CLANG_ENABLE_OBJC_WEAK = YES;
				CLANG_WARN_BLOCK_CAPTURE_AUTORELEASING = YES;
				CLANG_WARN_BOOL_CONVERSION = YES;
				CLANG_WARN_COMMA = YES;
				CLANG_WARN_CONSTANT_CONVERSION = YES;
				CLANG_WARN_DEPRECATED_OBJC_IMPLEMENTATIONS = YES;
				CLANG_WARN_DIRECT_OBJC_ISA_USAGE = YES_ERROR;
				CLANG_WARN_DOCUMENTATION_COMMENTS = YES;
				CLANG_WARN_EMPTY_BODY = YES;
				CLANG_WARN_ENUM_CONVERSION = YES;
				CLANG_WARN_INFINITE_RECURSION = YES;
				CLANG_WARN_INT_CONVERSION = YES;
				CLANG_WARN_NON_LITERAL_NULL_CONVERSION = YES;
				CLANG_WARN_OBJC_IMPLICIT_RETAIN_SELF = YES;
				CLANG_WARN_OBJC_LITERAL_CONVERSION = YES;
				CLANG_WARN_OBJC_ROOT_CLASS = YES_ERROR;
				CLANG_WARN_RANGE_LOOP_ANALYSIS = YES;
				CLANG_WARN_STRICT_PROTOTYPES = YES;
				CLANG_WARN_SUSPICIOUS_MOVE = YES;
				CLANG_WARN_UNGUARDED_AVAILABILITY = YES_AGGRESSIVE;
				CLANG_WARN_UNREACHABLE_CODE = YES;
				CLANG_WARN__DUPLICATE_METHOD_MATCH = YES;
				COPY_PHASE_STRIP = NO;
				DEBUG_INFORMATION_FORMAT = dwarf;
				ENABLE_STRICT_OBJC_MSGSEND = YES;
				ENABLE_TESTABILITY = YES;
				GCC_C_LANGUAGE_STANDARD = gnu11;
				GCC_DYNAMIC_NO_PIC = NO;
				GCC_NO_COMMON_BLOCKS = YES;
				GCC_OPTIMIZATION_LEVEL = 0;
				GCC_PREPROCESSOR_DEFINITIONS = (
					"DEBUG=1",
					"$(inherited)",
				);
				GCC_WARN_64_TO_32_BIT_CONVERSION = YES;
				GCC_WARN_ABOUT_RETURN_TYPE = YES_ERROR;
				GCC_WARN_UNDECLARED_SELECTOR = YES;
				GCC_WARN_UNINITIALIZED_AUTOS = YES_AGGRESSIVE;
				GCC_WARN_UNUSED_FUNCTION = YES;
				GCC_WARN_UNUSED_VARIABLE = YES;
				IPHONEOS_DEPLOYMENT_TARGET = 13.4;
				MTL_ENABLE_DEBUG_INFO = INCLUDE_SOURCE;
				MTL_FAST_MATH = YES;
				ONLY_ACTIVE_ARCH = YES;
				SDKROOT = iphoneos;
				SWIFT_ACTIVE_COMPILATION_CONDITIONS = DEBUG;
				SWIFT_OPTIMIZATION_LEVEL = "-Onone";
			};
			name = Debug;
		};
		966E385824FFC7DC003EBD87 /* Release */ = {
			isa = XCBuildConfiguration;
			buildSettings = {
				ALWAYS_SEARCH_USER_PATHS = NO;
				CLANG_ANALYZER_NONNULL = YES;
				CLANG_ANALYZER_NUMBER_OBJECT_CONVERSION = YES_AGGRESSIVE;
				CLANG_CXX_LANGUAGE_STANDARD = "gnu++14";
				CLANG_CXX_LIBRARY = "libc++";
				CLANG_ENABLE_MODULES = YES;
				CLANG_ENABLE_OBJC_ARC = YES;
				CLANG_ENABLE_OBJC_WEAK = YES;
				CLANG_WARN_BLOCK_CAPTURE_AUTORELEASING = YES;
				CLANG_WARN_BOOL_CONVERSION = YES;
				CLANG_WARN_COMMA = YES;
				CLANG_WARN_CONSTANT_CONVERSION = YES;
				CLANG_WARN_DEPRECATED_OBJC_IMPLEMENTATIONS = YES;
				CLANG_WARN_DIRECT_OBJC_ISA_USAGE = YES_ERROR;
				CLANG_WARN_DOCUMENTATION_COMMENTS = YES;
				CLANG_WARN_EMPTY_BODY = YES;
				CLANG_WARN_ENUM_CONVERSION = YES;
				CLANG_WARN_INFINITE_RECURSION = YES;
				CLANG_WARN_INT_CONVERSION = YES;
				CLANG_WARN_NON_LITERAL_NULL_CONVERSION = YES;
				CLANG_WARN_OBJC_IMPLICIT_RETAIN_SELF = YES;
				CLANG_WARN_OBJC_LITERAL_CONVERSION = YES;
				CLANG_WARN_OBJC_ROOT_CLASS = YES_ERROR;
				CLANG_WARN_RANGE_LOOP_ANALYSIS = YES;
				CLANG_WARN_STRICT_PROTOTYPES = YES;
				CLANG_WARN_SUSPICIOUS_MOVE = YES;
				CLANG_WARN_UNGUARDED_AVAILABILITY = YES_AGGRESSIVE;
				CLANG_WARN_UNREACHABLE_CODE = YES;
				CLANG_WARN__DUPLICATE_METHOD_MATCH = YES;
				COPY_PHASE_STRIP = NO;
				DEBUG_INFORMATION_FORMAT = "dwarf-with-dsym";
				ENABLE_NS_ASSERTIONS = NO;
				ENABLE_STRICT_OBJC_MSGSEND = YES;
				GCC_C_LANGUAGE_STANDARD = gnu11;
				GCC_NO_COMMON_BLOCKS = YES;
				GCC_WARN_64_TO_32_BIT_CONVERSION = YES;
				GCC_WARN_ABOUT_RETURN_TYPE = YES_ERROR;
				GCC_WARN_UNDECLARED_SELECTOR = YES;
				GCC_WARN_UNINITIALIZED_AUTOS = YES_AGGRESSIVE;
				GCC_WARN_UNUSED_FUNCTION = YES;
				GCC_WARN_UNUSED_VARIABLE = YES;
				IPHONEOS_DEPLOYMENT_TARGET = 13.4;
				MTL_ENABLE_DEBUG_INFO = NO;
				MTL_FAST_MATH = YES;
				SDKROOT = iphoneos;
				SWIFT_COMPILATION_MODE = wholemodule;
				SWIFT_OPTIMIZATION_LEVEL = "-O";
				VALIDATE_PRODUCT = YES;
			};
			name = Release;
		};
		966E385A24FFC7DC003EBD87 /* Debug */ = {
			isa = XCBuildConfiguration;
			buildSettings = {
				ASSETCATALOG_COMPILER_APPICON_NAME = AppIcon;
				CODE_SIGN_STYLE = Automatic;
				DEVELOPMENT_ASSET_PATHS = "\"CustomList/Preview Content\"";
				DEVELOPMENT_TEAM = PCKUF577AL;
				ENABLE_PREVIEWS = YES;
				INFOPLIST_FILE = CustomList/Info.plist;
				LD_RUNPATH_SEARCH_PATHS = (
					"$(inherited)",
					"@executable_path/Frameworks",
				);
				PRODUCT_BUNDLE_IDENTIFIER = kr.com.YoujinMack.swiftUI.CustomList;
				PRODUCT_NAME = "$(TARGET_NAME)";
				SWIFT_VERSION = 5.0;
				TARGETED_DEVICE_FAMILY = "1,2";
			};
			name = Debug;
		};
		966E385B24FFC7DC003EBD87 /* Release */ = {
			isa = XCBuildConfiguration;
			buildSettings = {
				ASSETCATALOG_COMPILER_APPICON_NAME = AppIcon;
				CODE_SIGN_STYLE = Automatic;
				DEVELOPMENT_ASSET_PATHS = "\"CustomList/Preview Content\"";
				DEVELOPMENT_TEAM = PCKUF577AL;
				ENABLE_PREVIEWS = YES;
				INFOPLIST_FILE = CustomList/Info.plist;
				LD_RUNPATH_SEARCH_PATHS = (
					"$(inherited)",
					"@executable_path/Frameworks",
				);
				PRODUCT_BUNDLE_IDENTIFIER = kr.com.YoujinMack.swiftUI.CustomList;
				PRODUCT_NAME = "$(TARGET_NAME)";
				SWIFT_VERSION = 5.0;
				TARGETED_DEVICE_FAMILY = "1,2";
			};
			name = Release;
		};
/* End XCBuildConfiguration section */

/* Begin XCConfigurationList section */
		966E384024FFC7DA003EBD87 /* Build configuration list for PBXProject "CustomList" */ = {
			isa = XCConfigurationList;
			buildConfigurations = (
				966E385724FFC7DC003EBD87 /* Debug */,
				966E385824FFC7DC003EBD87 /* Release */,
			);
			defaultConfigurationIsVisible = 0;
			defaultConfigurationName = Release;
		};
		966E385924FFC7DC003EBD87 /* Build configuration list for PBXNativeTarget "CustomList" */ = {
			isa = XCConfigurationList;
			buildConfigurations = (
				966E385A24FFC7DC003EBD87 /* Debug */,
				966E385B24FFC7DC003EBD87 /* Release */,
			);
			defaultConfigurationIsVisible = 0;
			defaultConfigurationName = Release;
		};
/* End XCConfigurationList section */
	};
	rootObject = 966E383D24FFC7DA003EBD87 /* Project object */;
}
