// !$*UTF8*$!
{
	archiveVersion = 1;
	classes = {
	};
	objectVersion = 50;
	objects = {

/* Begin PBXBuildFile section */
		96BF6BAC24CAABAC00F51886 /* AppDelegate.swift in Sources */ = {isa = PBXBuildFile; fileRef = 96BF6BAB24CAABAC00F51886 /* AppDelegate.swift */; };
		96BF6BAE24CAABAC00F51886 /* SceneDelegate.swift in Sources */ = {isa = PBXBuildFile; fileRef = 96BF6BAD24CAABAC00F51886 /* SceneDelegate.swift */; };
		96BF6BB024CAABAC00F51886 /* ContentView.swift in Sources */ = {isa = PBXBuildFile; fileRef = 96BF6BAF24CAABAC00F51886 /* ContentView.swift */; };
		96BF6BB224CAABAE00F51886 /* Assets.xcassets in Resources */ = {isa = PBXBuildFile; fileRef = 96BF6BB124CAABAE00F51886 /* Assets.xcassets */; };
		96BF6BB524CAABAE00F51886 /* Preview Assets.xcassets in Resources */ = {isa = PBXBuildFile; fileRef = 96BF6BB424CAABAE00F51886 /* Preview Assets.xcassets */; };
		96BF6BB824CAABAE00F51886 /* LaunchScreen.storyboard in Resources */ = {isa = PBXBuildFile; fileRef = 96BF6BB624CAABAE00F51886 /* LaunchScreen.storyboard */; };
/* End PBXBuildFile section */

/* Begin PBXFileReference section */
		96BF6BA824CAABAC00F51886 /* Combine_Text.app */ = {isa = PBXFileReference; explicitFileType = wrapper.application; includeInIndex = 0; path = Combine_Text.app; sourceTree = BUILT_PRODUCTS_DIR; };
		96BF6BAB24CAABAC00F51886 /* AppDelegate.swift */ = {isa = PBXFileReference; lastKnownFileType = sourcecode.swift; path = AppDelegate.swift; sourceTree = "<group>"; };
		96BF6BAD24CAABAC00F51886 /* SceneDelegate.swift */ = {isa = PBXFileReference; lastKnownFileType = sourcecode.swift; path = SceneDelegate.swift; sourceTree = "<group>"; };
		96BF6BAF24CAABAC00F51886 /* ContentView.swift */ = {isa = PBXFileReference; lastKnownFileType = sourcecode.swift; path = ContentView.swift; sourceTree = "<group>"; };
		96BF6BB124CAABAE00F51886 /* Assets.xcassets */ = {isa = PBXFileReference; lastKnownFileType = folder.assetcatalog; path = Assets.xcassets; sourceTree = "<group>"; };
		96BF6BB424CAABAE00F51886 /* Preview Assets.xcassets */ = {isa = PBXFileReference; lastKnownFileType = folder.assetcatalog; path = "Preview Assets.xcassets"; sourceTree = "<group>"; };
		96BF6BB724CAABAE00F51886 /* Base */ = {isa = PBXFileReference; lastKnownFileType = file.storyboard; name = Base; path = Base.lproj/LaunchScreen.storyboard; sourceTree = "<group>"; };
		96BF6BB924CAABAE00F51886 /* Info.plist */ = {isa = PBXFileReference; lastKnownFileType = text.plist.xml; path = Info.plist; sourceTree = "<group>"; };
		96BF6BBF24CAABDA00F51886 /* testJust.playground */ = {isa = PBXFileReference; lastKnownFileType = file.playground; path = testJust.playground; sourceTree = "<group>"; xcLanguageSpecificationIdentifier = xcode.lang.swift; };
/* End PBXFileReference section */

/* Begin PBXFrameworksBuildPhase section */
		96BF6BA524CAABAC00F51886 /* Frameworks */ = {
			isa = PBXFrameworksBuildPhase;
			buildActionMask = 2147483647;
			files = (
			);
			runOnlyForDeploymentPostprocessing = 0;
		};
/* End PBXFrameworksBuildPhase section */

/* Begin PBXGroup section */
		96BF6B9F24CAABAC00F51886 = {
			isa = PBXGroup;
			children = (
				96BF6BAA24CAABAC00F51886 /* Combine_Text */,
				96BF6BA924CAABAC00F51886 /* Products */,
			);
			sourceTree = "<group>";
		};
		96BF6BA924CAABAC00F51886 /* Products */ = {
			isa = PBXGroup;
			children = (
				96BF6BA824CAABAC00F51886 /* Combine_Text.app */,
			);
			name = Products;
			sourceTree = "<group>";
		};
		96BF6BAA24CAABAC00F51886 /* Combine_Text */ = {
			isa = PBXGroup;
			children = (
				96BF6BBF24CAABDA00F51886 /* testJust.playground */,
				96BF6BAB24CAABAC00F51886 /* AppDelegate.swift */,
				96BF6BAD24CAABAC00F51886 /* SceneDelegate.swift */,
				96BF6BAF24CAABAC00F51886 /* ContentView.swift */,
				96BF6BB124CAABAE00F51886 /* Assets.xcassets */,
				96BF6BB624CAABAE00F51886 /* LaunchScreen.storyboard */,
				96BF6BB924CAABAE00F51886 /* Info.plist */,
				96BF6BB324CAABAE00F51886 /* Preview Content */,
			);
			path = Combine_Text;
			sourceTree = "<group>";
		};
		96BF6BB324CAABAE00F51886 /* Preview Content */ = {
			isa = PBXGroup;
			children = (
				96BF6BB424CAABAE00F51886 /* Preview Assets.xcassets */,
			);
			path = "Preview Content";
			sourceTree = "<group>";
		};
/* End PBXGroup section */

/* Begin PBXNativeTarget section */
		96BF6BA724CAABAC00F51886 /* Combine_Text */ = {
			isa = PBXNativeTarget;
			buildConfigurationList = 96BF6BBC24CAABAE00F51886 /* Build configuration list for PBXNativeTarget "Combine_Text" */;
			buildPhases = (
				96BF6BA424CAABAC00F51886 /* Sources */,
				96BF6BA524CAABAC00F51886 /* Frameworks */,
				96BF6BA624CAABAC00F51886 /* Resources */,
			);
			buildRules = (
			);
			dependencies = (
			);
			name = Combine_Text;
			productName = Combine_Text;
			productReference = 96BF6BA824CAABAC00F51886 /* Combine_Text.app */;
			productType = "com.apple.product-type.application";
		};
/* End PBXNativeTarget section */

/* Begin PBXProject section */
		96BF6BA024CAABAC00F51886 /* Project object */ = {
			isa = PBXProject;
			attributes = {
				LastSwiftUpdateCheck = 1140;
				LastUpgradeCheck = 1140;
				ORGANIZATIONNAME = YoujinMac;
				TargetAttributes = {
					96BF6BA724CAABAC00F51886 = {
						CreatedOnToolsVersion = 11.4.1;
					};
				};
			};
			buildConfigurationList = 96BF6BA324CAABAC00F51886 /* Build configuration list for PBXProject "Combine_Text" */;
			compatibilityVersion = "Xcode 9.3";
			developmentRegion = en;
			hasScannedForEncodings = 0;
			knownRegions = (
				en,
				Base,
			);
			mainGroup = 96BF6B9F24CAABAC00F51886;
			productRefGroup = 96BF6BA924CAABAC00F51886 /* Products */;
			projectDirPath = "";
			projectRoot = "";
			targets = (
				96BF6BA724CAABAC00F51886 /* Combine_Text */,
			);
		};
/* End PBXProject section */

/* Begin PBXResourcesBuildPhase section */
		96BF6BA624CAABAC00F51886 /* Resources */ = {
			isa = PBXResourcesBuildPhase;
			buildActionMask = 2147483647;
			files = (
				96BF6BB824CAABAE00F51886 /* LaunchScreen.storyboard in Resources */,
				96BF6BB524CAABAE00F51886 /* Preview Assets.xcassets in Resources */,
				96BF6BB224CAABAE00F51886 /* Assets.xcassets in Resources */,
			);
			runOnlyForDeploymentPostprocessing = 0;
		};
/* End PBXResourcesBuildPhase section */

/* Begin PBXSourcesBuildPhase section */
		96BF6BA424CAABAC00F51886 /* Sources */ = {
			isa = PBXSourcesBuildPhase;
			buildActionMask = 2147483647;
			files = (
				96BF6BAC24CAABAC00F51886 /* AppDelegate.swift in Sources */,
				96BF6BAE24CAABAC00F51886 /* SceneDelegate.swift in Sources */,
				96BF6BB024CAABAC00F51886 /* ContentView.swift in Sources */,
			);
			runOnlyForDeploymentPostprocessing = 0;
		};
/* End PBXSourcesBuildPhase section */

/* Begin PBXVariantGroup section */
		96BF6BB624CAABAE00F51886 /* LaunchScreen.storyboard */ = {
			isa = PBXVariantGroup;
			children = (
				96BF6BB724CAABAE00F51886 /* Base */,
			);
			name = LaunchScreen.storyboard;
			sourceTree = "<group>";
		};
/* End PBXVariantGroup section */

/* Begin XCBuildConfiguration section */
		96BF6BBA24CAABAE00F51886 /* Debug */ = {
			isa = XCBuildConfiguration;
			buildSettings = {
				ALWAYS_SEARCH_USER_PATHS = NO;
				CLANG_ANALYZER_NONNULL = YES;
				CLANG_ANALYZER_NUMBER_OBJECT_CONVERSION = YES_AGGRESSIVE;
				CLANG_CXX_LANGUAGE_STANDARD = "gnu++14";
				CLANG_CXX_LIBRARY = "libc++";
				CLANG_ENABLE_MODULES = YES;
				CLANG_ENABLE_OBJC_ARC = YES;
				CLANG_ENABLE_OBJC_WEAK = YES;
				CLANG_WARN_BLOCK_CAPTURE_AUTORELEASING = YES;
				CLANG_WARN_BOOL_CONVERSION = YES;
				CLANG_WARN_COMMA = YES;
				CLANG_WARN_CONSTANT_CONVERSION = YES;
				CLANG_WARN_DEPRECATED_OBJC_IMPLEMENTATIONS = YES;
				CLANG_WARN_DIRECT_OBJC_ISA_USAGE = YES_ERROR;
				CLANG_WARN_DOCUMENTATION_COMMENTS = YES;
				CLANG_WARN_EMPTY_BODY = YES;
				CLANG_WARN_ENUM_CONVERSION = YES;
				CLANG_WARN_INFINITE_RECURSION = YES;
				CLANG_WARN_INT_CONVERSION = YES;
				CLANG_WARN_NON_LITERAL_NULL_CONVERSION = YES;
				CLANG_WARN_OBJC_IMPLICIT_RETAIN_SELF = YES;
				CLANG_WARN_OBJC_LITERAL_CONVERSION = YES;
				CLANG_WARN_OBJC_ROOT_CLASS = YES_ERROR;
				CLANG_WARN_RANGE_LOOP_ANALYSIS = YES;
				CLANG_WARN_STRICT_PROTOTYPES = YES;
				CLANG_WARN_SUSPICIOUS_MOVE = YES;
				CLANG_WARN_UNGUARDED_AVAILABILITY = YES_AGGRESSIVE;
				CLANG_WARN_UNREACHABLE_CODE = YES;
				CLANG_WARN__DUPLICATE_METHOD_MATCH = YES;
				COPY_PHASE_STRIP = NO;
				DEBUG_INFORMATION_FORMAT = dwarf;
				ENABLE_STRICT_OBJC_MSGSEND = YES;
				ENABLE_TESTABILITY = YES;
				GCC_C_LANGUAGE_STANDARD = gnu11;
				GCC_DYNAMIC_NO_PIC = NO;
				GCC_NO_COMMON_BLOCKS = YES;
				GCC_OPTIMIZATION_LEVEL = 0;
				GCC_PREPROCESSOR_DEFINITIONS = (
					"DEBUG=1",
					"$(inherited)",
				);
				GCC_WARN_64_TO_32_BIT_CONVERSION = YES;
				GCC_WARN_ABOUT_RETURN_TYPE = YES_ERROR;
				GCC_WARN_UNDECLARED_SELECTOR = YES;
				GCC_WARN_UNINITIALIZED_AUTOS = YES_AGGRESSIVE;
				GCC_WARN_UNUSED_FUNCTION = YES;
				GCC_WARN_UNUSED_VARIABLE = YES;
				IPHONEOS_DEPLOYMENT_TARGET = 13.4;
				MTL_ENABLE_DEBUG_INFO = INCLUDE_SOURCE;
				MTL_FAST_MATH = YES;
				ONLY_ACTIVE_ARCH = YES;
				SDKROOT = iphoneos;
				SWIFT_ACTIVE_COMPILATION_CONDITIONS = DEBUG;
				SWIFT_OPTIMIZATION_LEVEL = "-Onone";
			};
			name = Debug;
		};
		96BF6BBB24CAABAE00F51886 /* Release */ = {
			isa = XCBuildConfiguration;
			buildSettings = {
				ALWAYS_SEARCH_USER_PATHS = NO;
				CLANG_ANALYZER_NONNULL = YES;
				CLANG_ANALYZER_NUMBER_OBJECT_CONVERSION = YES_AGGRESSIVE;
				CLANG_CXX_LANGUAGE_STANDARD = "gnu++14";
				CLANG_CXX_LIBRARY = "libc++";
				CLANG_ENABLE_MODULES = YES;
				CLANG_ENABLE_OBJC_ARC = YES;
				CLANG_ENABLE_OBJC_WEAK = YES;
				CLANG_WARN_BLOCK_CAPTURE_AUTORELEASING = YES;
				CLANG_WARN_BOOL_CONVERSION = YES;
				CLANG_WARN_COMMA = YES;
				CLANG_WARN_CONSTANT_CONVERSION = YES;
				CLANG_WARN_DEPRECATED_OBJC_IMPLEMENTATIONS = YES;
				CLANG_WARN_DIRECT_OBJC_ISA_USAGE = YES_ERROR;
				CLANG_WARN_DOCUMENTATION_COMMENTS = YES;
				CLANG_WARN_EMPTY_BODY = YES;
				CLANG_WARN_ENUM_CONVERSION = YES;
				CLANG_WARN_INFINITE_RECURSION = YES;
				CLANG_WARN_INT_CONVERSION = YES;
				CLANG_WARN_NON_LITERAL_NULL_CONVERSION = YES;
				CLANG_WARN_OBJC_IMPLICIT_RETAIN_SELF = YES;
				CLANG_WARN_OBJC_LITERAL_CONVERSION = YES;
				CLANG_WARN_OBJC_ROOT_CLASS = YES_ERROR;
				CLANG_WARN_RANGE_LOOP_ANALYSIS = YES;
				CLANG_WARN_STRICT_PROTOTYPES = YES;
				CLANG_WARN_SUSPICIOUS_MOVE = YES;
				CLANG_WARN_UNGUARDED_AVAILABILITY = YES_AGGRESSIVE;
				CLANG_WARN_UNREACHABLE_CODE = YES;
				CLANG_WARN__DUPLICATE_METHOD_MATCH = YES;
				COPY_PHASE_STRIP = NO;
				DEBUG_INFORMATION_FORMAT = "dwarf-with-dsym";
				ENABLE_NS_ASSERTIONS = NO;
				ENABLE_STRICT_OBJC_MSGSEND = YES;
				GCC_C_LANGUAGE_STANDARD = gnu11;
				GCC_NO_COMMON_BLOCKS = YES;
				GCC_WARN_64_TO_32_BIT_CONVERSION = YES;
				GCC_WARN_ABOUT_RETURN_TYPE = YES_ERROR;
				GCC_WARN_UNDECLARED_SELECTOR = YES;
				GCC_WARN_UNINITIALIZED_AUTOS = YES_AGGRESSIVE;
				GCC_WARN_UNUSED_FUNCTION = YES;
				GCC_WARN_UNUSED_VARIABLE = YES;
				IPHONEOS_DEPLOYMENT_TARGET = 13.4;
				MTL_ENABLE_DEBUG_INFO = NO;
				MTL_FAST_MATH = YES;
				SDKROOT = iphoneos;
				SWIFT_COMPILATION_MODE = wholemodule;
				SWIFT_OPTIMIZATION_LEVEL = "-O";
				VALIDATE_PRODUCT = YES;
			};
			name = Release;
		};
		96BF6BBD24CAABAE00F51886 /* Debug */ = {
			isa = XCBuildConfiguration;
			buildSettings = {
				ASSETCATALOG_COMPILER_APPICON_NAME = AppIcon;
				CODE_SIGN_STYLE = Automatic;
				DEVELOPMENT_ASSET_PATHS = "\"Combine_Text/Preview Content\"";
				DEVELOPMENT_TEAM = PCKUF577AL;
				ENABLE_PREVIEWS = YES;
				INFOPLIST_FILE = Combine_Text/Info.plist;
				LD_RUNPATH_SEARCH_PATHS = (
					"$(inherited)",
					"@executable_path/Frameworks",
				);
				PRODUCT_BUNDLE_IDENTIFIER = "kr.com.YoujinMack.swiftUI.Combine-Text";
				PRODUCT_NAME = "$(TARGET_NAME)";
				SWIFT_VERSION = 5.0;
				TARGETED_DEVICE_FAMILY = "1,2";
			};
			name = Debug;
		};
		96BF6BBE24CAABAE00F51886 /* Release */ = {
			isa = XCBuildConfiguration;
			buildSettings = {
				ASSETCATALOG_COMPILER_APPICON_NAME = AppIcon;
				CODE_SIGN_STYLE = Automatic;
				DEVELOPMENT_ASSET_PATHS = "\"Combine_Text/Preview Content\"";
				DEVELOPMENT_TEAM = PCKUF577AL;
				ENABLE_PREVIEWS = YES;
				INFOPLIST_FILE = Combine_Text/Info.plist;
				LD_RUNPATH_SEARCH_PATHS = (
					"$(inherited)",
					"@executable_path/Frameworks",
				);
				PRODUCT_BUNDLE_IDENTIFIER = "kr.com.YoujinMack.swiftUI.Combine-Text";
				PRODUCT_NAME = "$(TARGET_NAME)";
				SWIFT_VERSION = 5.0;
				TARGETED_DEVICE_FAMILY = "1,2";
			};
			name = Release;
		};
/* End XCBuildConfiguration section */

/* Begin XCConfigurationList section */
		96BF6BA324CAABAC00F51886 /* Build configuration list for PBXProject "Combine_Text" */ = {
			isa = XCConfigurationList;
			buildConfigurations = (
				96BF6BBA24CAABAE00F51886 /* Debug */,
				96BF6BBB24CAABAE00F51886 /* Release */,
			);
			defaultConfigurationIsVisible = 0;
			defaultConfigurationName = Release;
		};
		96BF6BBC24CAABAE00F51886 /* Build configuration list for PBXNativeTarget "Combine_Text" */ = {
			isa = XCConfigurationList;
			buildConfigurations = (
				96BF6BBD24CAABAE00F51886 /* Debug */,
				96BF6BBE24CAABAE00F51886 /* Release */,
			);
			defaultConfigurationIsVisible = 0;
			defaultConfigurationName = Release;
		};
/* End XCConfigurationList section */
	};
	rootObject = 96BF6BA024CAABAC00F51886 /* Project object */;
}
