// !$*UTF8*$!
{
	archiveVersion = 1;
	classes = {
	};
	objectVersion = 50;
	objects = {

/* Begin PBXBuildFile section */
		969181C7239B8DC90019659C /* AppDelegate.swift in Sources */ = {isa = PBXBuildFile; fileRef = 969181C6239B8DC90019659C /* AppDelegate.swift */; };
		969181C9239B8DC90019659C /* SceneDelegate.swift in Sources */ = {isa = PBXBuildFile; fileRef = 969181C8239B8DC90019659C /* SceneDelegate.swift */; };
		969181CB239B8DC90019659C /* FirstViewController.swift in Sources */ = {isa = PBXBuildFile; fileRef = 969181CA239B8DC90019659C /* FirstViewController.swift */; };
		969181CE239B8DC90019659C /* Main.storyboard in Resources */ = {isa = PBXBuildFile; fileRef = 969181CC239B8DC90019659C /* Main.storyboard */; };
		969181D0239B8DCA0019659C /* Assets.xcassets in Resources */ = {isa = PBXBuildFile; fileRef = 969181CF239B8DCA0019659C /* Assets.xcassets */; };
		969181D3239B8DCA0019659C /* LaunchScreen.storyboard in Resources */ = {isa = PBXBuildFile; fileRef = 969181D1239B8DCA0019659C /* LaunchScreen.storyboard */; };
		969181DB239B8E930019659C /* SecondeViewController.swift in Sources */ = {isa = PBXBuildFile; fileRef = 969181DA239B8E930019659C /* SecondeViewController.swift */; };
		969181DD239BC4A50019659C /* Singleton.swift in Sources */ = {isa = PBXBuildFile; fileRef = 969181DC239BC4A50019659C /* Singleton.swift */; };
/* End PBXBuildFile section */

/* Begin PBXFileReference section */
		969181C3239B8DC90019659C /* DataTransfer1207.app */ = {isa = PBXFileReference; explicitFileType = wrapper.application; includeInIndex = 0; path = DataTransfer1207.app; sourceTree = BUILT_PRODUCTS_DIR; };
		969181C6239B8DC90019659C /* AppDelegate.swift */ = {isa = PBXFileReference; lastKnownFileType = sourcecode.swift; path = AppDelegate.swift; sourceTree = "<group>"; };
		969181C8239B8DC90019659C /* SceneDelegate.swift */ = {isa = PBXFileReference; lastKnownFileType = sourcecode.swift; path = SceneDelegate.swift; sourceTree = "<group>"; };
		969181CA239B8DC90019659C /* FirstViewController.swift */ = {isa = PBXFileReference; lastKnownFileType = sourcecode.swift; path = FirstViewController.swift; sourceTree = "<group>"; };
		969181CD239B8DC90019659C /* Base */ = {isa = PBXFileReference; lastKnownFileType = file.storyboard; name = Base; path = Base.lproj/Main.storyboard; sourceTree = "<group>"; };
		969181CF239B8DCA0019659C /* Assets.xcassets */ = {isa = PBXFileReference; lastKnownFileType = folder.assetcatalog; path = Assets.xcassets; sourceTree = "<group>"; };
		969181D2239B8DCA0019659C /* Base */ = {isa = PBXFileReference; lastKnownFileType = file.storyboard; name = Base; path = Base.lproj/LaunchScreen.storyboard; sourceTree = "<group>"; };
		969181D4239B8DCA0019659C /* Info.plist */ = {isa = PBXFileReference; lastKnownFileType = text.plist.xml; path = Info.plist; sourceTree = "<group>"; };
		969181DA239B8E930019659C /* SecondeViewController.swift */ = {isa = PBXFileReference; lastKnownFileType = sourcecode.swift; path = SecondeViewController.swift; sourceTree = "<group>"; };
		969181DC239BC4A50019659C /* Singleton.swift */ = {isa = PBXFileReference; lastKnownFileType = sourcecode.swift; path = Singleton.swift; sourceTree = "<group>"; };
/* End PBXFileReference section */

/* Begin PBXFrameworksBuildPhase section */
		969181C0239B8DC90019659C /* Frameworks */ = {
			isa = PBXFrameworksBuildPhase;
			buildActionMask = 2147483647;
			files = (
			);
			runOnlyForDeploymentPostprocessing = 0;
		};
/* End PBXFrameworksBuildPhase section */

/* Begin PBXGroup section */
		969181BA239B8DC90019659C = {
			isa = PBXGroup;
			children = (
				969181C5239B8DC90019659C /* DataTransfer1207 */,
				969181C4239B8DC90019659C /* Products */,
			);
			sourceTree = "<group>";
		};
		969181C4239B8DC90019659C /* Products */ = {
			isa = PBXGroup;
			children = (
				969181C3239B8DC90019659C /* DataTransfer1207.app */,
			);
			name = Products;
			sourceTree = "<group>";
		};
		969181C5239B8DC90019659C /* DataTransfer1207 */ = {
			isa = PBXGroup;
			children = (
				969181C6239B8DC90019659C /* AppDelegate.swift */,
				969181C8239B8DC90019659C /* SceneDelegate.swift */,
				969181CA239B8DC90019659C /* FirstViewController.swift */,
				969181DC239BC4A50019659C /* Singleton.swift */,
				969181DA239B8E930019659C /* SecondeViewController.swift */,
				969181CC239B8DC90019659C /* Main.storyboard */,
				969181CF239B8DCA0019659C /* Assets.xcassets */,
				969181D1239B8DCA0019659C /* LaunchScreen.storyboard */,
				969181D4239B8DCA0019659C /* Info.plist */,
			);
			path = DataTransfer1207;
			sourceTree = "<group>";
		};
/* End PBXGroup section */

/* Begin PBXNativeTarget section */
		969181C2239B8DC90019659C /* DataTransfer1207 */ = {
			isa = PBXNativeTarget;
			buildConfigurationList = 969181D7239B8DCA0019659C /* Build configuration list for PBXNativeTarget "DataTransfer1207" */;
			buildPhases = (
				969181BF239B8DC90019659C /* Sources */,
				969181C0239B8DC90019659C /* Frameworks */,
				969181C1239B8DC90019659C /* Resources */,
			);
			buildRules = (
			);
			dependencies = (
			);
			name = DataTransfer1207;
			productName = DataTransfer1207;
			productReference = 969181C3239B8DC90019659C /* DataTransfer1207.app */;
			productType = "com.apple.product-type.application";
		};
/* End PBXNativeTarget section */

/* Begin PBXProject section */
		969181BB239B8DC90019659C /* Project object */ = {
			isa = PBXProject;
			attributes = {
				LastSwiftUpdateCheck = 1120;
				LastUpgradeCheck = 1120;
				ORGANIZATIONNAME = YoujinMac;
				TargetAttributes = {
					969181C2239B8DC90019659C = {
						CreatedOnToolsVersion = 11.2;
					};
				};
			};
			buildConfigurationList = 969181BE239B8DC90019659C /* Build configuration list for PBXProject "DataTransfer1207" */;
			compatibilityVersion = "Xcode 9.3";
			developmentRegion = en;
			hasScannedForEncodings = 0;
			knownRegions = (
				en,
				Base,
			);
			mainGroup = 969181BA239B8DC90019659C;
			productRefGroup = 969181C4239B8DC90019659C /* Products */;
			projectDirPath = "";
			projectRoot = "";
			targets = (
				969181C2239B8DC90019659C /* DataTransfer1207 */,
			);
		};
/* End PBXProject section */

/* Begin PBXResourcesBuildPhase section */
		969181C1239B8DC90019659C /* Resources */ = {
			isa = PBXResourcesBuildPhase;
			buildActionMask = 2147483647;
			files = (
				969181D3239B8DCA0019659C /* LaunchScreen.storyboard in Resources */,
				969181D0239B8DCA0019659C /* Assets.xcassets in Resources */,
				969181CE239B8DC90019659C /* Main.storyboard in Resources */,
			);
			runOnlyForDeploymentPostprocessing = 0;
		};
/* End PBXResourcesBuildPhase section */

/* Begin PBXSourcesBuildPhase section */
		969181BF239B8DC90019659C /* Sources */ = {
			isa = PBXSourcesBuildPhase;
			buildActionMask = 2147483647;
			files = (
				969181CB239B8DC90019659C /* FirstViewController.swift in Sources */,
				969181C7239B8DC90019659C /* AppDelegate.swift in Sources */,
				969181DB239B8E930019659C /* SecondeViewController.swift in Sources */,
				969181DD239BC4A50019659C /* Singleton.swift in Sources */,
				969181C9239B8DC90019659C /* SceneDelegate.swift in Sources */,
			);
			runOnlyForDeploymentPostprocessing = 0;
		};
/* End PBXSourcesBuildPhase section */

/* Begin PBXVariantGroup section */
		969181CC239B8DC90019659C /* Main.storyboard */ = {
			isa = PBXVariantGroup;
			children = (
				969181CD239B8DC90019659C /* Base */,
			);
			name = Main.storyboard;
			sourceTree = "<group>";
		};
		969181D1239B8DCA0019659C /* LaunchScreen.storyboard */ = {
			isa = PBXVariantGroup;
			children = (
				969181D2239B8DCA0019659C /* Base */,
			);
			name = LaunchScreen.storyboard;
			sourceTree = "<group>";
		};
/* End PBXVariantGroup section */

/* Begin XCBuildConfiguration section */
		969181D5239B8DCA0019659C /* Debug */ = {
			isa = XCBuildConfiguration;
			buildSettings = {
				ALWAYS_SEARCH_USER_PATHS = NO;
				CLANG_ANALYZER_NONNULL = YES;
				CLANG_ANALYZER_NUMBER_OBJECT_CONVERSION = YES_AGGRESSIVE;
				CLANG_CXX_LANGUAGE_STANDARD = "gnu++14";
				CLANG_CXX_LIBRARY = "libc++";
				CLANG_ENABLE_MODULES = YES;
				CLANG_ENABLE_OBJC_ARC = YES;
				CLANG_ENABLE_OBJC_WEAK = YES;
				CLANG_WARN_BLOCK_CAPTURE_AUTORELEASING = YES;
				CLANG_WARN_BOOL_CONVERSION = YES;
				CLANG_WARN_COMMA = YES;
				CLANG_WARN_CONSTANT_CONVERSION = YES;
				CLANG_WARN_DEPRECATED_OBJC_IMPLEMENTATIONS = YES;
				CLANG_WARN_DIRECT_OBJC_ISA_USAGE = YES_ERROR;
				CLANG_WARN_DOCUMENTATION_COMMENTS = YES;
				CLANG_WARN_EMPTY_BODY = YES;
				CLANG_WARN_ENUM_CONVERSION = YES;
				CLANG_WARN_INFINITE_RECURSION = YES;
				CLANG_WARN_INT_CONVERSION = YES;
				CLANG_WARN_NON_LITERAL_NULL_CONVERSION = YES;
				CLANG_WARN_OBJC_IMPLICIT_RETAIN_SELF = YES;
				CLANG_WARN_OBJC_LITERAL_CONVERSION = YES;
				CLANG_WARN_OBJC_ROOT_CLASS = YES_ERROR;
				CLANG_WARN_RANGE_LOOP_ANALYSIS = YES;
				CLANG_WARN_STRICT_PROTOTYPES = YES;
				CLANG_WARN_SUSPICIOUS_MOVE = YES;
				CLANG_WARN_UNGUARDED_AVAILABILITY = YES_AGGRESSIVE;
				CLANG_WARN_UNREACHABLE_CODE = YES;
				CLANG_WARN__DUPLICATE_METHOD_MATCH = YES;
				COPY_PHASE_STRIP = NO;
				DEBUG_INFORMATION_FORMAT = dwarf;
				ENABLE_STRICT_OBJC_MSGSEND = YES;
				ENABLE_TESTABILITY = YES;
				GCC_C_LANGUAGE_STANDARD = gnu11;
				GCC_DYNAMIC_NO_PIC = NO;
				GCC_NO_COMMON_BLOCKS = YES;
				GCC_OPTIMIZATION_LEVEL = 0;
				GCC_PREPROCESSOR_DEFINITIONS = (
					"DEBUG=1",
					"$(inherited)",
				);
				GCC_WARN_64_TO_32_BIT_CONVERSION = YES;
				GCC_WARN_ABOUT_RETURN_TYPE = YES_ERROR;
				GCC_WARN_UNDECLARED_SELECTOR = YES;
				GCC_WARN_UNINITIALIZED_AUTOS = YES_AGGRESSIVE;
				GCC_WARN_UNUSED_FUNCTION = YES;
				GCC_WARN_UNUSED_VARIABLE = YES;
				IPHONEOS_DEPLOYMENT_TARGET = 13.2;
				MTL_ENABLE_DEBUG_INFO = INCLUDE_SOURCE;
				MTL_FAST_MATH = YES;
				ONLY_ACTIVE_ARCH = YES;
				SDKROOT = iphoneos;
				SWIFT_ACTIVE_COMPILATION_CONDITIONS = DEBUG;
				SWIFT_OPTIMIZATION_LEVEL = "-Onone";
			};
			name = Debug;
		};
		969181D6239B8DCA0019659C /* Release */ = {
			isa = XCBuildConfiguration;
			buildSettings = {
				ALWAYS_SEARCH_USER_PATHS = NO;
				CLANG_ANALYZER_NONNULL = YES;
				CLANG_ANALYZER_NUMBER_OBJECT_CONVERSION = YES_AGGRESSIVE;
				CLANG_CXX_LANGUAGE_STANDARD = "gnu++14";
				CLANG_CXX_LIBRARY = "libc++";
				CLANG_ENABLE_MODULES = YES;
				CLANG_ENABLE_OBJC_ARC = YES;
				CLANG_ENABLE_OBJC_WEAK = YES;
				CLANG_WARN_BLOCK_CAPTURE_AUTORELEASING = YES;
				CLANG_WARN_BOOL_CONVERSION = YES;
				CLANG_WARN_COMMA = YES;
				CLANG_WARN_CONSTANT_CONVERSION = YES;
				CLANG_WARN_DEPRECATED_OBJC_IMPLEMENTATIONS = YES;
				CLANG_WARN_DIRECT_OBJC_ISA_USAGE = YES_ERROR;
				CLANG_WARN_DOCUMENTATION_COMMENTS = YES;
				CLANG_WARN_EMPTY_BODY = YES;
				CLANG_WARN_ENUM_CONVERSION = YES;
				CLANG_WARN_INFINITE_RECURSION = YES;
				CLANG_WARN_INT_CONVERSION = YES;
				CLANG_WARN_NON_LITERAL_NULL_CONVERSION = YES;
				CLANG_WARN_OBJC_IMPLICIT_RETAIN_SELF = YES;
				CLANG_WARN_OBJC_LITERAL_CONVERSION = YES;
				CLANG_WARN_OBJC_ROOT_CLASS = YES_ERROR;
				CLANG_WARN_RANGE_LOOP_ANALYSIS = YES;
				CLANG_WARN_STRICT_PROTOTYPES = YES;
				CLANG_WARN_SUSPICIOUS_MOVE = YES;
				CLANG_WARN_UNGUARDED_AVAILABILITY = YES_AGGRESSIVE;
				CLANG_WARN_UNREACHABLE_CODE = YES;
				CLANG_WARN__DUPLICATE_METHOD_MATCH = YES;
				COPY_PHASE_STRIP = NO;
				DEBUG_INFORMATION_FORMAT = "dwarf-with-dsym";
				ENABLE_NS_ASSERTIONS = NO;
				ENABLE_STRICT_OBJC_MSGSEND = YES;
				GCC_C_LANGUAGE_STANDARD = gnu11;
				GCC_NO_COMMON_BLOCKS = YES;
				GCC_WARN_64_TO_32_BIT_CONVERSION = YES;
				GCC_WARN_ABOUT_RETURN_TYPE = YES_ERROR;
				GCC_WARN_UNDECLARED_SELECTOR = YES;
				GCC_WARN_UNINITIALIZED_AUTOS = YES_AGGRESSIVE;
				GCC_WARN_UNUSED_FUNCTION = YES;
				GCC_WARN_UNUSED_VARIABLE = YES;
				IPHONEOS_DEPLOYMENT_TARGET = 13.2;
				MTL_ENABLE_DEBUG_INFO = NO;
				MTL_FAST_MATH = YES;
				SDKROOT = iphoneos;
				SWIFT_COMPILATION_MODE = wholemodule;
				SWIFT_OPTIMIZATION_LEVEL = "-O";
				VALIDATE_PRODUCT = YES;
			};
			name = Release;
		};
		969181D8239B8DCA0019659C /* Debug */ = {
			isa = XCBuildConfiguration;
			buildSettings = {
				ASSETCATALOG_COMPILER_APPICON_NAME = AppIcon;
				CODE_SIGN_STYLE = Automatic;
				INFOPLIST_FILE = DataTransfer1207/Info.plist;
				LD_RUNPATH_SEARCH_PATHS = (
					"$(inherited)",
					"@executable_path/Frameworks",
				);
				PRODUCT_BUNDLE_IDENTIFIER = kr.com.YoujinMac.Kim.DataTransfer1207;
				PRODUCT_NAME = "$(TARGET_NAME)";
				SWIFT_VERSION = 5.0;
				TARGETED_DEVICE_FAMILY = "1,2";
			};
			name = Debug;
		};
		969181D9239B8DCA0019659C /* Release */ = {
			isa = XCBuildConfiguration;
			buildSettings = {
				ASSETCATALOG_COMPILER_APPICON_NAME = AppIcon;
				CODE_SIGN_STYLE = Automatic;
				INFOPLIST_FILE = DataTransfer1207/Info.plist;
				LD_RUNPATH_SEARCH_PATHS = (
					"$(inherited)",
					"@executable_path/Frameworks",
				);
				PRODUCT_BUNDLE_IDENTIFIER = kr.com.YoujinMac.Kim.DataTransfer1207;
				PRODUCT_NAME = "$(TARGET_NAME)";
				SWIFT_VERSION = 5.0;
				TARGETED_DEVICE_FAMILY = "1,2";
			};
			name = Release;
		};
/* End XCBuildConfiguration section */

/* Begin XCConfigurationList section */
		969181BE239B8DC90019659C /* Build configuration list for PBXProject "DataTransfer1207" */ = {
			isa = XCConfigurationList;
			buildConfigurations = (
				969181D5239B8DCA0019659C /* Debug */,
				969181D6239B8DCA0019659C /* Release */,
			);
			defaultConfigurationIsVisible = 0;
			defaultConfigurationName = Release;
		};
		969181D7239B8DCA0019659C /* Build configuration list for PBXNativeTarget "DataTransfer1207" */ = {
			isa = XCConfigurationList;
			buildConfigurations = (
				969181D8239B8DCA0019659C /* Debug */,
				969181D9239B8DCA0019659C /* Release */,
			);
			defaultConfigurationIsVisible = 0;
			defaultConfigurationName = Release;
		};
/* End XCConfigurationList section */
	};
	rootObject = 969181BB239B8DC90019659C /* Project object */;
}
