// !$*UTF8*$!
{
	archiveVersion = 1;
	classes = {
	};
	objectVersion = 50;
	objects = {

/* Begin PBXBuildFile section */
		963E848623966D9E00007FD0 /* AppDelegate.swift in Sources */ = {isa = PBXBuildFile; fileRef = 963E848523966D9E00007FD0 /* AppDelegate.swift */; };
		963E848823966D9E00007FD0 /* SceneDelegate.swift in Sources */ = {isa = PBXBuildFile; fileRef = 963E848723966D9E00007FD0 /* SceneDelegate.swift */; };
		963E848A23966D9E00007FD0 /* FirstViewController.swift in Sources */ = {isa = PBXBuildFile; fileRef = 963E848923966D9E00007FD0 /* FirstViewController.swift */; };
		963E848D23966D9E00007FD0 /* Main.storyboard in Resources */ = {isa = PBXBuildFile; fileRef = 963E848B23966D9E00007FD0 /* Main.storyboard */; };
		963E848F23966D9F00007FD0 /* Assets.xcassets in Resources */ = {isa = PBXBuildFile; fileRef = 963E848E23966D9F00007FD0 /* Assets.xcassets */; };
		963E849223966D9F00007FD0 /* LaunchScreen.storyboard in Resources */ = {isa = PBXBuildFile; fileRef = 963E849023966D9F00007FD0 /* LaunchScreen.storyboard */; };
		963E84A02396700E00007FD0 /* SecondViewController.swift in Sources */ = {isa = PBXBuildFile; fileRef = 963E849F2396700E00007FD0 /* SecondViewController.swift */; };
/* End PBXBuildFile section */

/* Begin PBXFileReference section */
		963E848223966D9E00007FD0 /* SegueTask_Jin.app */ = {isa = PBXFileReference; explicitFileType = wrapper.application; includeInIndex = 0; path = SegueTask_Jin.app; sourceTree = BUILT_PRODUCTS_DIR; };
		963E848523966D9E00007FD0 /* AppDelegate.swift */ = {isa = PBXFileReference; lastKnownFileType = sourcecode.swift; path = AppDelegate.swift; sourceTree = "<group>"; };
		963E848723966D9E00007FD0 /* SceneDelegate.swift */ = {isa = PBXFileReference; lastKnownFileType = sourcecode.swift; path = SceneDelegate.swift; sourceTree = "<group>"; };
		963E848923966D9E00007FD0 /* FirstViewController.swift */ = {isa = PBXFileReference; lastKnownFileType = sourcecode.swift; path = FirstViewController.swift; sourceTree = "<group>"; };
		963E848C23966D9E00007FD0 /* Base */ = {isa = PBXFileReference; lastKnownFileType = file.storyboard; name = Base; path = Base.lproj/Main.storyboard; sourceTree = "<group>"; };
		963E848E23966D9F00007FD0 /* Assets.xcassets */ = {isa = PBXFileReference; lastKnownFileType = folder.assetcatalog; path = Assets.xcassets; sourceTree = "<group>"; };
		963E849123966D9F00007FD0 /* Base */ = {isa = PBXFileReference; lastKnownFileType = file.storyboard; name = Base; path = Base.lproj/LaunchScreen.storyboard; sourceTree = "<group>"; };
		963E849323966D9F00007FD0 /* Info.plist */ = {isa = PBXFileReference; lastKnownFileType = text.plist.xml; path = Info.plist; sourceTree = "<group>"; };
		963E849F2396700E00007FD0 /* SecondViewController.swift */ = {isa = PBXFileReference; lastKnownFileType = sourcecode.swift; path = SecondViewController.swift; sourceTree = "<group>"; };
/* End PBXFileReference section */

/* Begin PBXFrameworksBuildPhase section */
		963E847F23966D9E00007FD0 /* Frameworks */ = {
			isa = PBXFrameworksBuildPhase;
			buildActionMask = 2147483647;
			files = (
			);
			runOnlyForDeploymentPostprocessing = 0;
		};
/* End PBXFrameworksBuildPhase section */

/* Begin PBXGroup section */
		963E847923966D9E00007FD0 = {
			isa = PBXGroup;
			children = (
				963E848423966D9E00007FD0 /* SegueTask_Jin */,
				963E848323966D9E00007FD0 /* Products */,
			);
			sourceTree = "<group>";
		};
		963E848323966D9E00007FD0 /* Products */ = {
			isa = PBXGroup;
			children = (
				963E848223966D9E00007FD0 /* SegueTask_Jin.app */,
			);
			name = Products;
			sourceTree = "<group>";
		};
		963E848423966D9E00007FD0 /* SegueTask_Jin */ = {
			isa = PBXGroup;
			children = (
				963E848523966D9E00007FD0 /* AppDelegate.swift */,
				963E848723966D9E00007FD0 /* SceneDelegate.swift */,
				963E849F2396700E00007FD0 /* SecondViewController.swift */,
				963E848923966D9E00007FD0 /* FirstViewController.swift */,
				963E848B23966D9E00007FD0 /* Main.storyboard */,
				963E848E23966D9F00007FD0 /* Assets.xcassets */,
				963E849023966D9F00007FD0 /* LaunchScreen.storyboard */,
				963E849323966D9F00007FD0 /* Info.plist */,
			);
			path = SegueTask_Jin;
			sourceTree = "<group>";
		};
/* End PBXGroup section */

/* Begin PBXNativeTarget section */
		963E848123966D9E00007FD0 /* SegueTask_Jin */ = {
			isa = PBXNativeTarget;
			buildConfigurationList = 963E849623966D9F00007FD0 /* Build configuration list for PBXNativeTarget "SegueTask_Jin" */;
			buildPhases = (
				963E847E23966D9E00007FD0 /* Sources */,
				963E847F23966D9E00007FD0 /* Frameworks */,
				963E848023966D9E00007FD0 /* Resources */,
			);
			buildRules = (
			);
			dependencies = (
			);
			name = SegueTask_Jin;
			productName = SegueTask_Jin;
			productReference = 963E848223966D9E00007FD0 /* SegueTask_Jin.app */;
			productType = "com.apple.product-type.application";
		};
/* End PBXNativeTarget section */

/* Begin PBXProject section */
		963E847A23966D9E00007FD0 /* Project object */ = {
			isa = PBXProject;
			attributes = {
				LastSwiftUpdateCheck = 1120;
				LastUpgradeCheck = 1120;
				ORGANIZATIONNAME = YoujinMac;
				TargetAttributes = {
					963E848123966D9E00007FD0 = {
						CreatedOnToolsVersion = 11.2;
					};
				};
			};
			buildConfigurationList = 963E847D23966D9E00007FD0 /* Build configuration list for PBXProject "SegueTask_Jin" */;
			compatibilityVersion = "Xcode 9.3";
			developmentRegion = en;
			hasScannedForEncodings = 0;
			knownRegions = (
				en,
				Base,
			);
			mainGroup = 963E847923966D9E00007FD0;
			productRefGroup = 963E848323966D9E00007FD0 /* Products */;
			projectDirPath = "";
			projectRoot = "";
			targets = (
				963E848123966D9E00007FD0 /* SegueTask_Jin */,
			);
		};
/* End PBXProject section */

/* Begin PBXResourcesBuildPhase section */
		963E848023966D9E00007FD0 /* Resources */ = {
			isa = PBXResourcesBuildPhase;
			buildActionMask = 2147483647;
			files = (
				963E849223966D9F00007FD0 /* LaunchScreen.storyboard in Resources */,
				963E848F23966D9F00007FD0 /* Assets.xcassets in Resources */,
				963E848D23966D9E00007FD0 /* Main.storyboard in Resources */,
			);
			runOnlyForDeploymentPostprocessing = 0;
		};
/* End PBXResourcesBuildPhase section */

/* Begin PBXSourcesBuildPhase section */
		963E847E23966D9E00007FD0 /* Sources */ = {
			isa = PBXSourcesBuildPhase;
			buildActionMask = 2147483647;
			files = (
				963E84A02396700E00007FD0 /* SecondViewController.swift in Sources */,
				963E848A23966D9E00007FD0 /* FirstViewController.swift in Sources */,
				963E848623966D9E00007FD0 /* AppDelegate.swift in Sources */,
				963E848823966D9E00007FD0 /* SceneDelegate.swift in Sources */,
			);
			runOnlyForDeploymentPostprocessing = 0;
		};
/* End PBXSourcesBuildPhase section */

/* Begin PBXVariantGroup section */
		963E848B23966D9E00007FD0 /* Main.storyboard */ = {
			isa = PBXVariantGroup;
			children = (
				963E848C23966D9E00007FD0 /* Base */,
			);
			name = Main.storyboard;
			sourceTree = "<group>";
		};
		963E849023966D9F00007FD0 /* LaunchScreen.storyboard */ = {
			isa = PBXVariantGroup;
			children = (
				963E849123966D9F00007FD0 /* Base */,
			);
			name = LaunchScreen.storyboard;
			sourceTree = "<group>";
		};
/* End PBXVariantGroup section */

/* Begin XCBuildConfiguration section */
		963E849423966D9F00007FD0 /* Debug */ = {
			isa = XCBuildConfiguration;
			buildSettings = {
				ALWAYS_SEARCH_USER_PATHS = NO;
				CLANG_ANALYZER_NONNULL = YES;
				CLANG_ANALYZER_NUMBER_OBJECT_CONVERSION = YES_AGGRESSIVE;
				CLANG_CXX_LANGUAGE_STANDARD = "gnu++14";
				CLANG_CXX_LIBRARY = "libc++";
				CLANG_ENABLE_MODULES = YES;
				CLANG_ENABLE_OBJC_ARC = YES;
				CLANG_ENABLE_OBJC_WEAK = YES;
				CLANG_WARN_BLOCK_CAPTURE_AUTORELEASING = YES;
				CLANG_WARN_BOOL_CONVERSION = YES;
				CLANG_WARN_COMMA = YES;
				CLANG_WARN_CONSTANT_CONVERSION = YES;
				CLANG_WARN_DEPRECATED_OBJC_IMPLEMENTATIONS = YES;
				CLANG_WARN_DIRECT_OBJC_ISA_USAGE = YES_ERROR;
				CLANG_WARN_DOCUMENTATION_COMMENTS = YES;
				CLANG_WARN_EMPTY_BODY = YES;
				CLANG_WARN_ENUM_CONVERSION = YES;
				CLANG_WARN_INFINITE_RECURSION = YES;
				CLANG_WARN_INT_CONVERSION = YES;
				CLANG_WARN_NON_LITERAL_NULL_CONVERSION = YES;
				CLANG_WARN_OBJC_IMPLICIT_RETAIN_SELF = YES;
				CLANG_WARN_OBJC_LITERAL_CONVERSION = YES;
				CLANG_WARN_OBJC_ROOT_CLASS = YES_ERROR;
				CLANG_WARN_RANGE_LOOP_ANALYSIS = YES;
				CLANG_WARN_STRICT_PROTOTYPES = YES;
				CLANG_WARN_SUSPICIOUS_MOVE = YES;
				CLANG_WARN_UNGUARDED_AVAILABILITY = YES_AGGRESSIVE;
				CLANG_WARN_UNREACHABLE_CODE = YES;
				CLANG_WARN__DUPLICATE_METHOD_MATCH = YES;
				COPY_PHASE_STRIP = NO;
				DEBUG_INFORMATION_FORMAT = dwarf;
				ENABLE_STRICT_OBJC_MSGSEND = YES;
				ENABLE_TESTABILITY = YES;
				GCC_C_LANGUAGE_STANDARD = gnu11;
				GCC_DYNAMIC_NO_PIC = NO;
				GCC_NO_COMMON_BLOCKS = YES;
				GCC_OPTIMIZATION_LEVEL = 0;
				GCC_PREPROCESSOR_DEFINITIONS = (
					"DEBUG=1",
					"$(inherited)",
				);
				GCC_WARN_64_TO_32_BIT_CONVERSION = YES;
				GCC_WARN_ABOUT_RETURN_TYPE = YES_ERROR;
				GCC_WARN_UNDECLARED_SELECTOR = YES;
				GCC_WARN_UNINITIALIZED_AUTOS = YES_AGGRESSIVE;
				GCC_WARN_UNUSED_FUNCTION = YES;
				GCC_WARN_UNUSED_VARIABLE = YES;
				IPHONEOS_DEPLOYMENT_TARGET = 13.2;
				MTL_ENABLE_DEBUG_INFO = INCLUDE_SOURCE;
				MTL_FAST_MATH = YES;
				ONLY_ACTIVE_ARCH = YES;
				SDKROOT = iphoneos;
				SWIFT_ACTIVE_COMPILATION_CONDITIONS = DEBUG;
				SWIFT_OPTIMIZATION_LEVEL = "-Onone";
			};
			name = Debug;
		};
		963E849523966D9F00007FD0 /* Release */ = {
			isa = XCBuildConfiguration;
			buildSettings = {
				ALWAYS_SEARCH_USER_PATHS = NO;
				CLANG_ANALYZER_NONNULL = YES;
				CLANG_ANALYZER_NUMBER_OBJECT_CONVERSION = YES_AGGRESSIVE;
				CLANG_CXX_LANGUAGE_STANDARD = "gnu++14";
				CLANG_CXX_LIBRARY = "libc++";
				CLANG_ENABLE_MODULES = YES;
				CLANG_ENABLE_OBJC_ARC = YES;
				CLANG_ENABLE_OBJC_WEAK = YES;
				CLANG_WARN_BLOCK_CAPTURE_AUTORELEASING = YES;
				CLANG_WARN_BOOL_CONVERSION = YES;
				CLANG_WARN_COMMA = YES;
				CLANG_WARN_CONSTANT_CONVERSION = YES;
				CLANG_WARN_DEPRECATED_OBJC_IMPLEMENTATIONS = YES;
				CLANG_WARN_DIRECT_OBJC_ISA_USAGE = YES_ERROR;
				CLANG_WARN_DOCUMENTATION_COMMENTS = YES;
				CLANG_WARN_EMPTY_BODY = YES;
				CLANG_WARN_ENUM_CONVERSION = YES;
				CLANG_WARN_INFINITE_RECURSION = YES;
				CLANG_WARN_INT_CONVERSION = YES;
				CLANG_WARN_NON_LITERAL_NULL_CONVERSION = YES;
				CLANG_WARN_OBJC_IMPLICIT_RETAIN_SELF = YES;
				CLANG_WARN_OBJC_LITERAL_CONVERSION = YES;
				CLANG_WARN_OBJC_ROOT_CLASS = YES_ERROR;
				CLANG_WARN_RANGE_LOOP_ANALYSIS = YES;
				CLANG_WARN_STRICT_PROTOTYPES = YES;
				CLANG_WARN_SUSPICIOUS_MOVE = YES;
				CLANG_WARN_UNGUARDED_AVAILABILITY = YES_AGGRESSIVE;
				CLANG_WARN_UNREACHABLE_CODE = YES;
				CLANG_WARN__DUPLICATE_METHOD_MATCH = YES;
				COPY_PHASE_STRIP = NO;
				DEBUG_INFORMATION_FORMAT = "dwarf-with-dsym";
				ENABLE_NS_ASSERTIONS = NO;
				ENABLE_STRICT_OBJC_MSGSEND = YES;
				GCC_C_LANGUAGE_STANDARD = gnu11;
				GCC_NO_COMMON_BLOCKS = YES;
				GCC_WARN_64_TO_32_BIT_CONVERSION = YES;
				GCC_WARN_ABOUT_RETURN_TYPE = YES_ERROR;
				GCC_WARN_UNDECLARED_SELECTOR = YES;
				GCC_WARN_UNINITIALIZED_AUTOS = YES_AGGRESSIVE;
				GCC_WARN_UNUSED_FUNCTION = YES;
				GCC_WARN_UNUSED_VARIABLE = YES;
				IPHONEOS_DEPLOYMENT_TARGET = 13.2;
				MTL_ENABLE_DEBUG_INFO = NO;
				MTL_FAST_MATH = YES;
				SDKROOT = iphoneos;
				SWIFT_COMPILATION_MODE = wholemodule;
				SWIFT_OPTIMIZATION_LEVEL = "-O";
				VALIDATE_PRODUCT = YES;
			};
			name = Release;
		};
		963E849723966D9F00007FD0 /* Debug */ = {
			isa = XCBuildConfiguration;
			buildSettings = {
				ASSETCATALOG_COMPILER_APPICON_NAME = AppIcon;
				CODE_SIGN_STYLE = Automatic;
				INFOPLIST_FILE = SegueTask_Jin/Info.plist;
				LD_RUNPATH_SEARCH_PATHS = (
					"$(inherited)",
					"@executable_path/Frameworks",
				);
				PRODUCT_BUNDLE_IDENTIFIER = "kr.com.YoujinMac.Kim.SegueTask-Jin";
				PRODUCT_NAME = "$(TARGET_NAME)";
				SWIFT_VERSION = 5.0;
				TARGETED_DEVICE_FAMILY = "1,2";
			};
			name = Debug;
		};
		963E849823966D9F00007FD0 /* Release */ = {
			isa = XCBuildConfiguration;
			buildSettings = {
				ASSETCATALOG_COMPILER_APPICON_NAME = AppIcon;
				CODE_SIGN_STYLE = Automatic;
				INFOPLIST_FILE = SegueTask_Jin/Info.plist;
				LD_RUNPATH_SEARCH_PATHS = (
					"$(inherited)",
					"@executable_path/Frameworks",
				);
				PRODUCT_BUNDLE_IDENTIFIER = "kr.com.YoujinMac.Kim.SegueTask-Jin";
				PRODUCT_NAME = "$(TARGET_NAME)";
				SWIFT_VERSION = 5.0;
				TARGETED_DEVICE_FAMILY = "1,2";
			};
			name = Release;
		};
/* End XCBuildConfiguration section */

/* Begin XCConfigurationList section */
		963E847D23966D9E00007FD0 /* Build configuration list for PBXProject "SegueTask_Jin" */ = {
			isa = XCConfigurationList;
			buildConfigurations = (
				963E849423966D9F00007FD0 /* Debug */,
				963E849523966D9F00007FD0 /* Release */,
			);
			defaultConfigurationIsVisible = 0;
			defaultConfigurationName = Release;
		};
		963E849623966D9F00007FD0 /* Build configuration list for PBXNativeTarget "SegueTask_Jin" */ = {
			isa = XCConfigurationList;
			buildConfigurations = (
				963E849723966D9F00007FD0 /* Debug */,
				963E849823966D9F00007FD0 /* Release */,
			);
			defaultConfigurationIsVisible = 0;
			defaultConfigurationName = Release;
		};
/* End XCConfigurationList section */
	};
	rootObject = 963E847A23966D9E00007FD0 /* Project object */;
}
