// !$*UTF8*$!
{
	archiveVersion = 1;
	classes = {
	};
	objectVersion = 50;
	objects = {

/* Begin PBXBuildFile section */
		962481F323AB569400455D6E /* AppDelegate.swift in Sources */ = {isa = PBXBuildFile; fileRef = 962481F223AB569400455D6E /* AppDelegate.swift */; };
		962481F523AB569400455D6E /* SceneDelegate.swift in Sources */ = {isa = PBXBuildFile; fileRef = 962481F423AB569400455D6E /* SceneDelegate.swift */; };
		962481F723AB569400455D6E /* ViewController.swift in Sources */ = {isa = PBXBuildFile; fileRef = 962481F623AB569400455D6E /* ViewController.swift */; };
		962481FA23AB569400455D6E /* Main.storyboard in Resources */ = {isa = PBXBuildFile; fileRef = 962481F823AB569400455D6E /* Main.storyboard */; };
		962481FC23AB569600455D6E /* Assets.xcassets in Resources */ = {isa = PBXBuildFile; fileRef = 962481FB23AB569600455D6E /* Assets.xcassets */; };
		962481FF23AB569600455D6E /* LaunchScreen.storyboard in Resources */ = {isa = PBXBuildFile; fileRef = 962481FD23AB569600455D6E /* LaunchScreen.storyboard */; };
		96A6ABB723AB6068009F6A3F /* CutomCellTableViewCell.swift in Sources */ = {isa = PBXBuildFile; fileRef = 96A6ABB623AB6068009F6A3F /* CutomCellTableViewCell.swift */; };
/* End PBXBuildFile section */

/* Begin PBXFileReference section */
		962481EF23AB569400455D6E /* TableViwCellCountUp.app */ = {isa = PBXFileReference; explicitFileType = wrapper.application; includeInIndex = 0; path = TableViwCellCountUp.app; sourceTree = BUILT_PRODUCTS_DIR; };
		962481F223AB569400455D6E /* AppDelegate.swift */ = {isa = PBXFileReference; lastKnownFileType = sourcecode.swift; path = AppDelegate.swift; sourceTree = "<group>"; };
		962481F423AB569400455D6E /* SceneDelegate.swift */ = {isa = PBXFileReference; lastKnownFileType = sourcecode.swift; path = SceneDelegate.swift; sourceTree = "<group>"; };
		962481F623AB569400455D6E /* ViewController.swift */ = {isa = PBXFileReference; lastKnownFileType = sourcecode.swift; path = ViewController.swift; sourceTree = "<group>"; };
		962481F923AB569400455D6E /* Base */ = {isa = PBXFileReference; lastKnownFileType = file.storyboard; name = Base; path = Base.lproj/Main.storyboard; sourceTree = "<group>"; };
		962481FB23AB569600455D6E /* Assets.xcassets */ = {isa = PBXFileReference; lastKnownFileType = folder.assetcatalog; path = Assets.xcassets; sourceTree = "<group>"; };
		962481FE23AB569600455D6E /* Base */ = {isa = PBXFileReference; lastKnownFileType = file.storyboard; name = Base; path = Base.lproj/LaunchScreen.storyboard; sourceTree = "<group>"; };
		9624820023AB569600455D6E /* Info.plist */ = {isa = PBXFileReference; lastKnownFileType = text.plist.xml; path = Info.plist; sourceTree = "<group>"; };
		96A6ABB623AB6068009F6A3F /* CutomCellTableViewCell.swift */ = {isa = PBXFileReference; lastKnownFileType = sourcecode.swift; path = CutomCellTableViewCell.swift; sourceTree = "<group>"; };
/* End PBXFileReference section */

/* Begin PBXFrameworksBuildPhase section */
		962481EC23AB569400455D6E /* Frameworks */ = {
			isa = PBXFrameworksBuildPhase;
			buildActionMask = 2147483647;
			files = (
			);
			runOnlyForDeploymentPostprocessing = 0;
		};
/* End PBXFrameworksBuildPhase section */

/* Begin PBXGroup section */
		962481E623AB569400455D6E = {
			isa = PBXGroup;
			children = (
				962481F123AB569400455D6E /* TableViwCellCountUp */,
				962481F023AB569400455D6E /* Products */,
			);
			sourceTree = "<group>";
		};
		962481F023AB569400455D6E /* Products */ = {
			isa = PBXGroup;
			children = (
				962481EF23AB569400455D6E /* TableViwCellCountUp.app */,
			);
			name = Products;
			sourceTree = "<group>";
		};
		962481F123AB569400455D6E /* TableViwCellCountUp */ = {
			isa = PBXGroup;
			children = (
				962481F223AB569400455D6E /* AppDelegate.swift */,
				962481F423AB569400455D6E /* SceneDelegate.swift */,
				9624820623AB5A7100455D6E /* Model */,
				9624820723AB5A8200455D6E /* View */,
				9624820823AB5A9200455D6E /* Controller */,
				962481F823AB569400455D6E /* Main.storyboard */,
				962481FB23AB569600455D6E /* Assets.xcassets */,
				962481FD23AB569600455D6E /* LaunchScreen.storyboard */,
				9624820023AB569600455D6E /* Info.plist */,
			);
			path = TableViwCellCountUp;
			sourceTree = "<group>";
		};
		9624820623AB5A7100455D6E /* Model */ = {
			isa = PBXGroup;
			children = (
			);
			path = Model;
			sourceTree = "<group>";
		};
		9624820723AB5A8200455D6E /* View */ = {
			isa = PBXGroup;
			children = (
				96A6ABB623AB6068009F6A3F /* CutomCellTableViewCell.swift */,
			);
			path = View;
			sourceTree = "<group>";
		};
		9624820823AB5A9200455D6E /* Controller */ = {
			isa = PBXGroup;
			children = (
				962481F623AB569400455D6E /* ViewController.swift */,
			);
			path = Controller;
			sourceTree = "<group>";
		};
/* End PBXGroup section */

/* Begin PBXNativeTarget section */
		962481EE23AB569400455D6E /* TableViwCellCountUp */ = {
			isa = PBXNativeTarget;
			buildConfigurationList = 9624820323AB569600455D6E /* Build configuration list for PBXNativeTarget "TableViwCellCountUp" */;
			buildPhases = (
				962481EB23AB569400455D6E /* Sources */,
				962481EC23AB569400455D6E /* Frameworks */,
				962481ED23AB569400455D6E /* Resources */,
			);
			buildRules = (
			);
			dependencies = (
			);
			name = TableViwCellCountUp;
			productName = TableViwCellCountUp;
			productReference = 962481EF23AB569400455D6E /* TableViwCellCountUp.app */;
			productType = "com.apple.product-type.application";
		};
/* End PBXNativeTarget section */

/* Begin PBXProject section */
		962481E723AB569400455D6E /* Project object */ = {
			isa = PBXProject;
			attributes = {
				LastSwiftUpdateCheck = 1130;
				LastUpgradeCheck = 1130;
				ORGANIZATIONNAME = YoujinMac;
				TargetAttributes = {
					962481EE23AB569400455D6E = {
						CreatedOnToolsVersion = 11.3;
					};
				};
			};
			buildConfigurationList = 962481EA23AB569400455D6E /* Build configuration list for PBXProject "TableViwCellCountUp" */;
			compatibilityVersion = "Xcode 9.3";
			developmentRegion = en;
			hasScannedForEncodings = 0;
			knownRegions = (
				en,
				Base,
			);
			mainGroup = 962481E623AB569400455D6E;
			productRefGroup = 962481F023AB569400455D6E /* Products */;
			projectDirPath = "";
			projectRoot = "";
			targets = (
				962481EE23AB569400455D6E /* TableViwCellCountUp */,
			);
		};
/* End PBXProject section */

/* Begin PBXResourcesBuildPhase section */
		962481ED23AB569400455D6E /* Resources */ = {
			isa = PBXResourcesBuildPhase;
			buildActionMask = 2147483647;
			files = (
				962481FF23AB569600455D6E /* LaunchScreen.storyboard in Resources */,
				962481FC23AB569600455D6E /* Assets.xcassets in Resources */,
				962481FA23AB569400455D6E /* Main.storyboard in Resources */,
			);
			runOnlyForDeploymentPostprocessing = 0;
		};
/* End PBXResourcesBuildPhase section */

/* Begin PBXSourcesBuildPhase section */
		962481EB23AB569400455D6E /* Sources */ = {
			isa = PBXSourcesBuildPhase;
			buildActionMask = 2147483647;
			files = (
				962481F723AB569400455D6E /* ViewController.swift in Sources */,
				962481F323AB569400455D6E /* AppDelegate.swift in Sources */,
				96A6ABB723AB6068009F6A3F /* CutomCellTableViewCell.swift in Sources */,
				962481F523AB569400455D6E /* SceneDelegate.swift in Sources */,
			);
			runOnlyForDeploymentPostprocessing = 0;
		};
/* End PBXSourcesBuildPhase section */

/* Begin PBXVariantGroup section */
		962481F823AB569400455D6E /* Main.storyboard */ = {
			isa = PBXVariantGroup;
			children = (
				962481F923AB569400455D6E /* Base */,
			);
			name = Main.storyboard;
			sourceTree = "<group>";
		};
		962481FD23AB569600455D6E /* LaunchScreen.storyboard */ = {
			isa = PBXVariantGroup;
			children = (
				962481FE23AB569600455D6E /* Base */,
			);
			name = LaunchScreen.storyboard;
			sourceTree = "<group>";
		};
/* End PBXVariantGroup section */

/* Begin XCBuildConfiguration section */
		9624820123AB569600455D6E /* Debug */ = {
			isa = XCBuildConfiguration;
			buildSettings = {
				ALWAYS_SEARCH_USER_PATHS = NO;
				CLANG_ANALYZER_NONNULL = YES;
				CLANG_ANALYZER_NUMBER_OBJECT_CONVERSION = YES_AGGRESSIVE;
				CLANG_CXX_LANGUAGE_STANDARD = "gnu++14";
				CLANG_CXX_LIBRARY = "libc++";
				CLANG_ENABLE_MODULES = YES;
				CLANG_ENABLE_OBJC_ARC = YES;
				CLANG_ENABLE_OBJC_WEAK = YES;
				CLANG_WARN_BLOCK_CAPTURE_AUTORELEASING = YES;
				CLANG_WARN_BOOL_CONVERSION = YES;
				CLANG_WARN_COMMA = YES;
				CLANG_WARN_CONSTANT_CONVERSION = YES;
				CLANG_WARN_DEPRECATED_OBJC_IMPLEMENTATIONS = YES;
				CLANG_WARN_DIRECT_OBJC_ISA_USAGE = YES_ERROR;
				CLANG_WARN_DOCUMENTATION_COMMENTS = YES;
				CLANG_WARN_EMPTY_BODY = YES;
				CLANG_WARN_ENUM_CONVERSION = YES;
				CLANG_WARN_INFINITE_RECURSION = YES;
				CLANG_WARN_INT_CONVERSION = YES;
				CLANG_WARN_NON_LITERAL_NULL_CONVERSION = YES;
				CLANG_WARN_OBJC_IMPLICIT_RETAIN_SELF = YES;
				CLANG_WARN_OBJC_LITERAL_CONVERSION = YES;
				CLANG_WARN_OBJC_ROOT_CLASS = YES_ERROR;
				CLANG_WARN_RANGE_LOOP_ANALYSIS = YES;
				CLANG_WARN_STRICT_PROTOTYPES = YES;
				CLANG_WARN_SUSPICIOUS_MOVE = YES;
				CLANG_WARN_UNGUARDED_AVAILABILITY = YES_AGGRESSIVE;
				CLANG_WARN_UNREACHABLE_CODE = YES;
				CLANG_WARN__DUPLICATE_METHOD_MATCH = YES;
				COPY_PHASE_STRIP = NO;
				DEBUG_INFORMATION_FORMAT = dwarf;
				ENABLE_STRICT_OBJC_MSGSEND = YES;
				ENABLE_TESTABILITY = YES;
				GCC_C_LANGUAGE_STANDARD = gnu11;
				GCC_DYNAMIC_NO_PIC = NO;
				GCC_NO_COMMON_BLOCKS = YES;
				GCC_OPTIMIZATION_LEVEL = 0;
				GCC_PREPROCESSOR_DEFINITIONS = (
					"DEBUG=1",
					"$(inherited)",
				);
				GCC_WARN_64_TO_32_BIT_CONVERSION = YES;
				GCC_WARN_ABOUT_RETURN_TYPE = YES_ERROR;
				GCC_WARN_UNDECLARED_SELECTOR = YES;
				GCC_WARN_UNINITIALIZED_AUTOS = YES_AGGRESSIVE;
				GCC_WARN_UNUSED_FUNCTION = YES;
				GCC_WARN_UNUSED_VARIABLE = YES;
				IPHONEOS_DEPLOYMENT_TARGET = 13.2;
				MTL_ENABLE_DEBUG_INFO = INCLUDE_SOURCE;
				MTL_FAST_MATH = YES;
				ONLY_ACTIVE_ARCH = YES;
				SDKROOT = iphoneos;
				SWIFT_ACTIVE_COMPILATION_CONDITIONS = DEBUG;
				SWIFT_OPTIMIZATION_LEVEL = "-Onone";
			};
			name = Debug;
		};
		9624820223AB569600455D6E /* Release */ = {
			isa = XCBuildConfiguration;
			buildSettings = {
				ALWAYS_SEARCH_USER_PATHS = NO;
				CLANG_ANALYZER_NONNULL = YES;
				CLANG_ANALYZER_NUMBER_OBJECT_CONVERSION = YES_AGGRESSIVE;
				CLANG_CXX_LANGUAGE_STANDARD = "gnu++14";
				CLANG_CXX_LIBRARY = "libc++";
				CLANG_ENABLE_MODULES = YES;
				CLANG_ENABLE_OBJC_ARC = YES;
				CLANG_ENABLE_OBJC_WEAK = YES;
				CLANG_WARN_BLOCK_CAPTURE_AUTORELEASING = YES;
				CLANG_WARN_BOOL_CONVERSION = YES;
				CLANG_WARN_COMMA = YES;
				CLANG_WARN_CONSTANT_CONVERSION = YES;
				CLANG_WARN_DEPRECATED_OBJC_IMPLEMENTATIONS = YES;
				CLANG_WARN_DIRECT_OBJC_ISA_USAGE = YES_ERROR;
				CLANG_WARN_DOCUMENTATION_COMMENTS = YES;
				CLANG_WARN_EMPTY_BODY = YES;
				CLANG_WARN_ENUM_CONVERSION = YES;
				CLANG_WARN_INFINITE_RECURSION = YES;
				CLANG_WARN_INT_CONVERSION = YES;
				CLANG_WARN_NON_LITERAL_NULL_CONVERSION = YES;
				CLANG_WARN_OBJC_IMPLICIT_RETAIN_SELF = YES;
				CLANG_WARN_OBJC_LITERAL_CONVERSION = YES;
				CLANG_WARN_OBJC_ROOT_CLASS = YES_ERROR;
				CLANG_WARN_RANGE_LOOP_ANALYSIS = YES;
				CLANG_WARN_STRICT_PROTOTYPES = YES;
				CLANG_WARN_SUSPICIOUS_MOVE = YES;
				CLANG_WARN_UNGUARDED_AVAILABILITY = YES_AGGRESSIVE;
				CLANG_WARN_UNREACHABLE_CODE = YES;
				CLANG_WARN__DUPLICATE_METHOD_MATCH = YES;
				COPY_PHASE_STRIP = NO;
				DEBUG_INFORMATION_FORMAT = "dwarf-with-dsym";
				ENABLE_NS_ASSERTIONS = NO;
				ENABLE_STRICT_OBJC_MSGSEND = YES;
				GCC_C_LANGUAGE_STANDARD = gnu11;
				GCC_NO_COMMON_BLOCKS = YES;
				GCC_WARN_64_TO_32_BIT_CONVERSION = YES;
				GCC_WARN_ABOUT_RETURN_TYPE = YES_ERROR;
				GCC_WARN_UNDECLARED_SELECTOR = YES;
				GCC_WARN_UNINITIALIZED_AUTOS = YES_AGGRESSIVE;
				GCC_WARN_UNUSED_FUNCTION = YES;
				GCC_WARN_UNUSED_VARIABLE = YES;
				IPHONEOS_DEPLOYMENT_TARGET = 13.2;
				MTL_ENABLE_DEBUG_INFO = NO;
				MTL_FAST_MATH = YES;
				SDKROOT = iphoneos;
				SWIFT_COMPILATION_MODE = wholemodule;
				SWIFT_OPTIMIZATION_LEVEL = "-O";
				VALIDATE_PRODUCT = YES;
			};
			name = Release;
		};
		9624820423AB569600455D6E /* Debug */ = {
			isa = XCBuildConfiguration;
			buildSettings = {
				ASSETCATALOG_COMPILER_APPICON_NAME = AppIcon;
				CODE_SIGN_STYLE = Automatic;
				INFOPLIST_FILE = TableViwCellCountUp/Info.plist;
				LD_RUNPATH_SEARCH_PATHS = (
					"$(inherited)",
					"@executable_path/Frameworks",
				);
				PRODUCT_BUNDLE_IDENTIFIER = kr.com.YoujinMac.Kim.TableViwCellCountUp;
				PRODUCT_NAME = "$(TARGET_NAME)";
				SWIFT_VERSION = 5.0;
				TARGETED_DEVICE_FAMILY = "1,2";
			};
			name = Debug;
		};
		9624820523AB569600455D6E /* Release */ = {
			isa = XCBuildConfiguration;
			buildSettings = {
				ASSETCATALOG_COMPILER_APPICON_NAME = AppIcon;
				CODE_SIGN_STYLE = Automatic;
				INFOPLIST_FILE = TableViwCellCountUp/Info.plist;
				LD_RUNPATH_SEARCH_PATHS = (
					"$(inherited)",
					"@executable_path/Frameworks",
				);
				PRODUCT_BUNDLE_IDENTIFIER = kr.com.YoujinMac.Kim.TableViwCellCountUp;
				PRODUCT_NAME = "$(TARGET_NAME)";
				SWIFT_VERSION = 5.0;
				TARGETED_DEVICE_FAMILY = "1,2";
			};
			name = Release;
		};
/* End XCBuildConfiguration section */

/* Begin XCConfigurationList section */
		962481EA23AB569400455D6E /* Build configuration list for PBXProject "TableViwCellCountUp" */ = {
			isa = XCConfigurationList;
			buildConfigurations = (
				9624820123AB569600455D6E /* Debug */,
				9624820223AB569600455D6E /* Release */,
			);
			defaultConfigurationIsVisible = 0;
			defaultConfigurationName = Release;
		};
		9624820323AB569600455D6E /* Build configuration list for PBXNativeTarget "TableViwCellCountUp" */ = {
			isa = XCConfigurationList;
			buildConfigurations = (
				9624820423AB569600455D6E /* Debug */,
				9624820523AB569600455D6E /* Release */,
			);
			defaultConfigurationIsVisible = 0;
			defaultConfigurationName = Release;
		};
/* End XCConfigurationList section */
	};
	rootObject = 962481E723AB569400455D6E /* Project object */;
}
